# Danger! Multiple jars contain identically named classes. This may cause different behaviour depending on classpath ordering.
# Run ./gradlew checkClassUniqueness --fix to update this file

## runtimeClasspath
[com.google.protobuf:protobuf-java, dev.vortex:vortex-jni]
  - com.google.protobuf.BoolValue
  - com.google.protobuf.BoolValue$1
  - com.google.protobuf.BoolValue$Builder
  - com.google.protobuf.BoolValueOrBuilder
  - com.google.protobuf.BytesValue
  - com.google.protobuf.BytesValue$1
  - com.google.protobuf.BytesValue$Builder
  - com.google.protobuf.BytesValueOrBuilder
  - com.google.protobuf.DoubleValue
  - com.google.protobuf.DoubleValue$1
  - com.google.protobuf.DoubleValue$Builder
  - com.google.protobuf.DoubleValueOrBuilder
  - com.google.protobuf.FloatValue
  - com.google.protobuf.FloatValue$1
  - com.google.protobuf.FloatValue$Builder
  - com.google.protobuf.FloatValueOrBuilder
  - com.google.protobuf.Int32Value
  - com.google.protobuf.Int32Value$1
  - com.google.protobuf.Int32Value$Builder
  - com.google.protobuf.Int32ValueOrBuilder
  - com.google.protobuf.Int64Value
  - com.google.protobuf.Int64Value$1
  - com.google.protobuf.Int64Value$Builder
  - com.google.protobuf.Int64ValueOrBuilder
  - com.google.protobuf.ListValue
  - com.google.protobuf.ListValue$1
  - com.google.protobuf.ListValue$Builder
  - com.google.protobuf.ListValueOrBuilder
  - com.google.protobuf.NullValue
  - com.google.protobuf.NullValue$1
  - com.google.protobuf.StringValue
  - com.google.protobuf.StringValue$1
  - com.google.protobuf.StringValue$Builder
  - com.google.protobuf.StringValueOrBuilder
  - com.google.protobuf.Struct
  - com.google.protobuf.Struct$1
  - com.google.protobuf.Struct$Builder
  - com.google.protobuf.Struct$Builder$FieldsConverter
  - com.google.protobuf.Struct$FieldsDefaultEntryHolder
  - com.google.protobuf.StructOrBuilder
  - com.google.protobuf.StructProto
  - com.google.protobuf.UInt32Value
  - com.google.protobuf.UInt32Value$1
  - com.google.protobuf.UInt32Value$Builder
  - com.google.protobuf.UInt32ValueOrBuilder
  - com.google.protobuf.UInt64Value
  - com.google.protobuf.UInt64Value$1
  - com.google.protobuf.UInt64Value$Builder
  - com.google.protobuf.UInt64ValueOrBuilder
  - com.google.protobuf.Value
  - com.google.protobuf.Value$1
  - com.google.protobuf.Value$Builder
  - com.google.protobuf.Value$KindCase
  - com.google.protobuf.ValueOrBuilder
  - com.google.protobuf.WrappersProto
